
Microsoft Visual Studio Solution File, Format Version 12.00
# Visual Studio Version 17
VisualStudioVersion = 17.8.34330.188
MinimumVisualStudioVersion = 10.0.40219.1
Project("{FAE04EC0-301F-11D3-BF4B-00C04F79EFBC}") = "Shortly.Client", "Shortly.Client\Shortly.Client.csproj", "{56317FD1-4C0F-4654-BC71-15840FA7AE81}"
EndProject
Project("{FAE04EC0-301F-11D3-BF4B-00C04F79EFBC}") = "Shortly.Redirect", "Shortly.Redirect\Shortly.Redirect.csproj", "{8403F14C-8953-49A7-A47A-84B3E5DD2AA7}"
EndProject
Project("{FAE04EC0-301F-11D3-BF4B-00C04F79EFBC}") = "Shortly.Data", "Shortly.Data\Shortly.Data.csproj", "{5C81EAD7-8E26-4998-AC72-3186EE2B1A42}"
EndProject
Global
	GlobalSection(SolutionConfigurationPlatforms) = preSolution
		Debug|Any CPU = Debug|Any CPU
		Release|Any CPU = Release|Any CPU
	EndGlobalSection
	GlobalSection(ProjectConfigurationPlatforms) = postSolution
		{56317FD1-4C0F-4654-BC71-15840FA7AE81}.Debug|Any CPU.ActiveCfg = Debug|Any CPU
		{56317FD1-4C0F-4654-BC71-15840FA7AE81}.Debug|Any CPU.Build.0 = Debug|Any CPU
		{56317FD1-4C0F-4654-BC71-15840FA7AE81}.Release|Any CPU.ActiveCfg = Release|Any CPU
		{56317FD1-4C0F-4654-BC71-15840FA7AE81}.Release|Any CPU.Build.0 = Release|Any CPU
		{8403F14C-8953-49A7-A47A-84B3E5DD2AA7}.Debug|Any CPU.ActiveCfg = Debug|Any CPU
		{8403F14C-8953-49A7-A47A-84B3E5DD2AA7}.Debug|Any CPU.Build.0 = Debug|Any CPU
		{8403F14C-8953-49A7-A47A-84B3E5DD2AA7}.Release|Any CPU.ActiveCfg = Release|Any CPU
		{8403F14C-8953-49A7-A47A-84B3E5DD2AA7}.Release|Any CPU.Build.0 = Release|Any CPU
		{5C81EAD7-8E26-4998-AC72-3186EE2B1A42}.Debug|Any CPU.ActiveCfg = Debug|Any CPU
		{5C81EAD7-8E26-4998-AC72-3186EE2B1A42}.Debug|Any CPU.Build.0 = Debug|Any CPU
		{5C81EAD7-8E26-4998-AC72-3186EE2B1A42}.Release|Any CPU.ActiveCfg = Release|Any CPU
		{5C81EAD7-8E26-4998-AC72-3186EE2B1A42}.Release|Any CPU.Build.0 = Release|Any CPU
	EndGlobalSection
	GlobalSection(SolutionProperties) = preSolution
		HideSolutionNode = FALSE
	EndGlobalSection
	GlobalSection(ExtensibilityGlobals) = postSolution
		SolutionGuid = {EE92AF3E-5174-49D7-AF7E-8A690F5D50CD}
	EndGlobalSection
EndGlobal
